
Microsoft Visual Studio Solution File, Format Version 12.00
# Visual Studio 14
VisualStudioVersion = 14.0.23107.0
MinimumVisualStudioVersion = 10.0.40219.1
Project("{FAE04EC0-301F-11D3-BF4B-00C04F79EFBC}") = "RC4", "RC4\RC4.csproj", "{0B0391C6-3C7A-422F-A3AD-4748EFEBB1D3}"
EndProject
Project("{FAE04EC0-301F-11D3-BF4B-00C04F79EFBC}") = "RC4Tests", "RC4Tests\RC4Tests.csproj", "{7FF8B890-FF0A-4340-A0EA-E39E93B4F15D}"
EndProject
Global
	GlobalSection(SolutionConfigurationPlatforms) = preSolution
		Debug|Any CPU = Debug|Any CPU
		Release|Any CPU = Release|Any CPU
	EndGlobalSection
	GlobalSection(ProjectConfigurationPlatforms) = postSolution
		{0B0391C6-3C7A-422F-A3AD-4748EFEBB1D3}.Debug|Any CPU.ActiveCfg = Debug|Any CPU
		{0B0391C6-3C7A-422F-A3AD-4748EFEBB1D3}.Debug|Any CPU.Build.0 = Debug|Any CPU
		{0B0391C6-3C7A-422F-A3AD-4748EFEBB1D3}.Release|Any CPU.ActiveCfg = Release|Any CPU
		{0B0391C6-3C7A-422F-A3AD-4748EFEBB1D3}.Release|Any CPU.Build.0 = Release|Any CPU
		{7FF8B890-FF0A-4340-A0EA-E39E93B4F15D}.Debug|Any CPU.ActiveCfg = Debug|Any CPU
		{7FF8B890-FF0A-4340-A0EA-E39E93B4F15D}.Debug|Any CPU.Build.0 = Debug|Any CPU
		{7FF8B890-FF0A-4340-A0EA-E39E93B4F15D}.Release|Any CPU.ActiveCfg = Release|Any CPU
		{7FF8B890-FF0A-4340-A0EA-E39E93B4F15D}.Release|Any CPU.Build.0 = Release|Any CPU
	EndGlobalSection
	GlobalSection(SolutionProperties) = preSolution
		HideSolutionNode = FALSE
	EndGlobalSection
EndGlobal
